// !$*UTF8*$!
{
	archiveVersion = 1;
	classes = {};
	objectVersion = 77;
	objects = {

/* Begin PBXBuildFile section */
		A00000000000000000000101 /* LLMSpendMonitorApp.swift in Sources */ = {isa = PBXBuildFile; fileRef = A00000000000000000000201 /* LLMSpendMonitorApp.swift */; };
		A00000000000000000000102 /* AppState.swift in Sources */ = {isa = PBXBuildFile; fileRef = A00000000000000000000202 /* AppState.swift */; };
		A00000000000000000000103 /* StatusBarController.swift in Sources */ = {isa = PBXBuildFile; fileRef = A00000000000000000000203 /* StatusBarController.swift */; };
		A00000000000000000000104 /* MenuBarLabelView.swift in Sources */ = {isa = PBXBuildFile; fileRef = A00000000000000000000204 /* MenuBarLabelView.swift */; };
		A00000000000000000000105 /* DashboardRootView.swift in Sources */ = {isa = PBXBuildFile; fileRef = A00000000000000000000205 /* DashboardRootView.swift */; };
		A00000000000000000000106 /* MenuBarShellTests.swift in Sources */ = {isa = PBXBuildFile; fileRef = A00000000000000000000206 /* MenuBarShellTests.swift */; };
		A00000000000000000000107 /* MenuBarLifecycleUITests.swift in Sources */ = {isa = PBXBuildFile; fileRef = A00000000000000000000207 /* MenuBarLifecycleUITests.swift */; };
		A00000000000000000000108 /* MoneyTests.swift in Sources */ = {isa = PBXBuildFile; fileRef = A00000000000000000000213 /* MoneyTests.swift */; };
		A00000000000000000000109 /* ProviderRegistryTests.swift in Sources */ = {isa = PBXBuildFile; fileRef = A00000000000000000000214 /* ProviderRegistryTests.swift */; };
		A0000000000000000000010A /* KeychainStoreTests.swift in Sources */ = {isa = PBXBuildFile; fileRef = A00000000000000000000215 /* KeychainStoreTests.swift */; };
		A0000000000000000000010B /* ConnectionViewModelTests.swift in Sources */ = {isa = PBXBuildFile; fileRef = A00000000000000000000216 /* ConnectionViewModelTests.swift */; };
		A0000000000000000000010C /* SecretLeakRegressionTests.swift in Sources */ = {isa = PBXBuildFile; fileRef = A00000000000000000000217 /* SecretLeakRegressionTests.swift */; };
		A0000000000000000000010D /* ConnectionFlowUITests.swift in Sources */ = {isa = PBXBuildFile; fileRef = A00000000000000000000218 /* ConnectionFlowUITests.swift */; };
		A0000000000000000000010E /* ProviderID.swift in Sources */ = {isa = PBXBuildFile; fileRef = A00000000000000000000219 /* ProviderID.swift */; };
		A0000000000000000000010F /* ProviderCapability.swift in Sources */ = {isa = PBXBuildFile; fileRef = A0000000000000000000021A /* ProviderCapability.swift */; };
		A00000000000000000000110 /* ExternalLink.swift in Sources */ = {isa = PBXBuildFile; fileRef = A0000000000000000000021B /* ExternalLink.swift */; };
		A00000000000000000000111 /* Money.swift in Sources */ = {isa = PBXBuildFile; fileRef = A0000000000000000000021C /* Money.swift */; };
		A00000000000000000000112 /* ProviderRegistry.swift in Sources */ = {isa = PBXBuildFile; fileRef = A0000000000000000000021D /* ProviderRegistry.swift */; };
		A00000000000000000000113 /* KeychainStore.swift in Sources */ = {isa = PBXBuildFile; fileRef = A0000000000000000000021E /* KeychainStore.swift */; };
		A00000000000000000000114 /* ConnectionViewModel.swift in Sources */ = {isa = PBXBuildFile; fileRef = A0000000000000000000021F /* ConnectionViewModel.swift */; };
		A00000000000000000000115 /* ProviderConnectionView.swift in Sources */ = {isa = PBXBuildFile; fileRef = A00000000000000000000220 /* ProviderConnectionView.swift */; };
		A00000000000000000000116 /* ConnectionsView.swift in Sources */ = {isa = PBXBuildFile; fileRef = A00000000000000000000221 /* ConnectionsView.swift */; };
		A00000000000000000000117 /* ProviderSnapshotTests.swift in Sources */ = {isa = PBXBuildFile; fileRef = A00000000000000000000222 /* ProviderSnapshotTests.swift */; };
		A00000000000000000000118 /* ProviderSnapshot.swift in Sources */ = {isa = PBXBuildFile; fileRef = A00000000000000000000223 /* ProviderSnapshot.swift */; };
		A00000000000000000000119 /* ProviderClient.swift in Sources */ = {isa = PBXBuildFile; fileRef = A00000000000000000000224 /* ProviderClient.swift */; };
		A0000000000000000000011A /* SnapshotCacheTests.swift in Sources */ = {isa = PBXBuildFile; fileRef = A00000000000000000000225 /* SnapshotCacheTests.swift */; };
		A0000000000000000000011B /* SnapshotCache.swift in Sources */ = {isa = PBXBuildFile; fileRef = A00000000000000000000226 /* SnapshotCache.swift */; };
		A0000000000000000000011C /* RefreshTrigger.swift in Sources */ = {isa = PBXBuildFile; fileRef = A00000000000000000000227 /* RefreshTrigger.swift */; };
		A0000000000000000000011D /* RefreshCoordinator.swift in Sources */ = {isa = PBXBuildFile; fileRef = A00000000000000000000228 /* RefreshCoordinator.swift */; };
		A0000000000000000000011E /* RefreshCoordinatorTests.swift in Sources */ = {isa = PBXBuildFile; fileRef = A00000000000000000000229 /* RefreshCoordinatorTests.swift */; };
		A00000000000000000000120 /* DashboardViewModelTests.swift in Sources */ = {isa = PBXBuildFile; fileRef = A0000000000000000000022B /* DashboardViewModelTests.swift */; };
		A0000000000000000000011F /* DashboardViewModel.swift in Sources */ = {isa = PBXBuildFile; fileRef = A0000000000000000000022A /* DashboardViewModel.swift */; };
		A00000000000000000000190 /* DemoDashboardDataSource.swift in Sources */ = {isa = PBXBuildFile; fileRef = A00000000000000000000290 /* DemoDashboardDataSource.swift */; };
		A00000000000000000000121 /* ProviderCard.swift in Sources */ = {isa = PBXBuildFile; fileRef = A0000000000000000000022C /* ProviderCard.swift */; };
		A00000000000000000000122 /* MetricRow.swift in Sources */ = {isa = PBXBuildFile; fileRef = A0000000000000000000022D /* MetricRow.swift */; };
		A00000000000000000000123 /* HTTPClientTests.swift in Sources */ = {isa = PBXBuildFile; fileRef = A0000000000000000000022E /* HTTPClientTests.swift */; };
		A00000000000000000000124 /* HTTPClient.swift in Sources */ = {isa = PBXBuildFile; fileRef = A0000000000000000000022F /* HTTPClient.swift */; };
		A00000000000000000000125 /* URLSessionHTTPClient.swift in Sources */ = {isa = PBXBuildFile; fileRef = A00000000000000000000230 /* URLSessionHTTPClient.swift */; };
		A00000000000000000000126 /* RefreshBackoffPolicy.swift in Sources */ = {isa = PBXBuildFile; fileRef = A00000000000000000000231 /* RefreshBackoffPolicy.swift */; };
		A00000000000000000000127 /* OpenAIProviderTests.swift in Sources */ = {isa = PBXBuildFile; fileRef = A00000000000000000000232 /* OpenAIProviderTests.swift */; };
		A00000000000000000000128 /* OpenAIProvider.swift in Sources */ = {isa = PBXBuildFile; fileRef = A00000000000000000000233 /* OpenAIProvider.swift */; };
		A00000000000000000000129 /* ProviderTargetFactoryTests.swift in Sources */ = {isa = PBXBuildFile; fileRef = A00000000000000000000234 /* ProviderTargetFactoryTests.swift */; };
		A0000000000000000000012A /* ProviderTargetFactory.swift in Sources */ = {isa = PBXBuildFile; fileRef = A00000000000000000000235 /* ProviderTargetFactory.swift */; };
		A0000000000000000000012B /* AnthropicProviderTests.swift in Sources */ = {isa = PBXBuildFile; fileRef = A00000000000000000000236 /* AnthropicProviderTests.swift */; };
		A0000000000000000000012C /* AnthropicProvider.swift in Sources */ = {isa = PBXBuildFile; fileRef = A00000000000000000000237 /* AnthropicProvider.swift */; };
		A0000000000000000000012D /* DeepSeekProviderTests.swift in Sources */ = {isa = PBXBuildFile; fileRef = A00000000000000000000238 /* DeepSeekProviderTests.swift */; };
		A0000000000000000000012E /* DeepSeekProvider.swift in Sources */ = {isa = PBXBuildFile; fileRef = A00000000000000000000239 /* DeepSeekProvider.swift */; };
		A0000000000000000000012F /* GeminiProviderTests.swift in Sources */ = {isa = PBXBuildFile; fileRef = A0000000000000000000023A /* GeminiProviderTests.swift */; };
		A00000000000000000000130 /* GeminiProvider.swift in Sources */ = {isa = PBXBuildFile; fileRef = A0000000000000000000023B /* GeminiProvider.swift */; };
		A00000000000000000000131 /* CustomizeViewModelTests.swift in Sources */ = {isa = PBXBuildFile; fileRef = A0000000000000000000023C /* CustomizeViewModelTests.swift */; };
		A00000000000000000000132 /* CustomizeViewModel.swift in Sources */ = {isa = PBXBuildFile; fileRef = A0000000000000000000023D /* CustomizeViewModel.swift */; };
		A00000000000000000000133 /* ProviderCustomizationStore.swift in Sources */ = {isa = PBXBuildFile; fileRef = A0000000000000000000023E /* ProviderCustomizationStore.swift */; };
		A00000000000000000000134 /* CustomizeProvidersView.swift in Sources */ = {isa = PBXBuildFile; fileRef = A0000000000000000000023F /* CustomizeProvidersView.swift */; };
		A00000000000000000000135 /* ProviderOrderRow.swift in Sources */ = {isa = PBXBuildFile; fileRef = A00000000000000000000240 /* ProviderOrderRow.swift */; };
		A00000000000000000000136 /* PeriodPicker.swift in Sources */ = {isa = PBXBuildFile; fileRef = A00000000000000000000241 /* PeriodPicker.swift */; };
		A00000000000000000000138 /* SpendTrendChart.swift in Sources */ = {isa = PBXBuildFile; fileRef = A00000000000000000000243 /* SpendTrendChart.swift */; };
		A00000000000000000000139 /* SummaryCard.swift in Sources */ = {isa = PBXBuildFile; fileRef = A00000000000000000000244 /* SummaryCard.swift */; };
		A0000000000000000000013A /* ProviderVisualStyle.swift in Sources */ = {isa = PBXBuildFile; fileRef = A00000000000000000000245 /* ProviderVisualStyle.swift */; };
		A0000000000000000000013B /* PlatformBalanceTests.swift in Sources */ = {isa = PBXBuildFile; fileRef = A00000000000000000000246 /* PlatformBalanceTests.swift */; };
		A0000000000000000000013C /* PlatformBalanceStore.swift in Sources */ = {isa = PBXBuildFile; fileRef = A00000000000000000000247 /* PlatformBalanceStore.swift */; };
		A0000000000000000000013D /* PlatformBalanceEditor.swift in Sources */ = {isa = PBXBuildFile; fileRef = A00000000000000000000248 /* PlatformBalanceEditor.swift */; };
		A0000000000000000000013E /* BalanceNotificationService.swift in Sources */ = {isa = PBXBuildFile; fileRef = A00000000000000000000249 /* BalanceNotificationService.swift */; };
		A0000000000000000000013F /* BalanceNotificationServiceTests.swift in Sources */ = {isa = PBXBuildFile; fileRef = A0000000000000000000024A /* BalanceNotificationServiceTests.swift */; };
		A00000000000000000000140 /* Spender.icns in Resources */ = {isa = PBXBuildFile; fileRef = A0000000000000000000024B /* Spender.icns */; };
		A00000000000000000000191 /* ProviderMarks.xcassets in Resources */ = {isa = PBXBuildFile; fileRef = A00000000000000000000291 /* ProviderMarks.xcassets */; };
		A00000000000000000000192 /* ProviderMarkView.swift in Sources */ = {isa = PBXBuildFile; fileRef = A00000000000000000000292 /* ProviderMarkView.swift */; };
		A00000000000000000000194 /* SpendCompositionBar.swift in Sources */ = {isa = PBXBuildFile; fileRef = A00000000000000000000294 /* SpendCompositionBar.swift */; };
		A00000000000000000000141 /* ProviderEndpointStore.swift in Sources */ = {isa = PBXBuildFile; fileRef = A0000000000000000000024C /* ProviderEndpointStore.swift */; };
		A00000000000000000000142 /* QwenProvider.swift in Sources */ = {isa = PBXBuildFile; fileRef = A0000000000000000000024D /* QwenProvider.swift */; };
		A00000000000000000000143 /* QwenProviderTests.swift in Sources */ = {isa = PBXBuildFile; fileRef = A0000000000000000000024E /* QwenProviderTests.swift */; };
		A00000000000000000000144 /* KimiProviderTests.swift in Sources */ = {isa = PBXBuildFile; fileRef = A0000000000000000000024F /* KimiProviderTests.swift */; };
		A00000000000000000000145 /* OpenRouterProviderTests.swift in Sources */ = {isa = PBXBuildFile; fileRef = A00000000000000000000250 /* OpenRouterProviderTests.swift */; };
		A00000000000000000000146 /* KimiProvider.swift in Sources */ = {isa = PBXBuildFile; fileRef = A00000000000000000000251 /* KimiProvider.swift */; };
		A00000000000000000000147 /* OpenRouterProvider.swift in Sources */ = {isa = PBXBuildFile; fileRef = A00000000000000000000252 /* OpenRouterProvider.swift */; };
		A00000000000000000000148 /* XAIProviderTests.swift in Sources */ = {isa = PBXBuildFile; fileRef = A00000000000000000000253 /* XAIProviderTests.swift */; };
		A00000000000000000000149 /* XAIProvider.swift in Sources */ = {isa = PBXBuildFile; fileRef = A00000000000000000000254 /* XAIProvider.swift */; };
		A0000000000000000000014A /* MistralProviderTests.swift in Sources */ = {isa = PBXBuildFile; fileRef = A00000000000000000000255 /* MistralProviderTests.swift */; };
		A0000000000000000000014B /* MistralProvider.swift in Sources */ = {isa = PBXBuildFile; fileRef = A00000000000000000000256 /* MistralProvider.swift */; };
		A0000000000000000000A003 /* Sparkle in Frameworks */ = {isa = PBXBuildFile; productRef = A0000000000000000000A002 /* Sparkle */; };
		A0000000000000000000A100 /* LLMSpendMonitorApp.swift in Sources */ = {isa = PBXBuildFile; fileRef = A00000000000000000000201 /* LLMSpendMonitorApp.swift */; };
		A0000000000000000000A101 /* AppState.swift in Sources */ = {isa = PBXBuildFile; fileRef = A00000000000000000000202 /* AppState.swift */; };
		A0000000000000000000A102 /* StatusBarController.swift in Sources */ = {isa = PBXBuildFile; fileRef = A00000000000000000000203 /* StatusBarController.swift */; };
		A0000000000000000000A103 /* MenuBarLabelView.swift in Sources */ = {isa = PBXBuildFile; fileRef = A00000000000000000000204 /* MenuBarLabelView.swift */; };
		A0000000000000000000A104 /* DashboardRootView.swift in Sources */ = {isa = PBXBuildFile; fileRef = A00000000000000000000205 /* DashboardRootView.swift */; };
		A0000000000000000000A105 /* ProviderID.swift in Sources */ = {isa = PBXBuildFile; fileRef = A00000000000000000000219 /* ProviderID.swift */; };
		A0000000000000000000A106 /* ProviderCapability.swift in Sources */ = {isa = PBXBuildFile; fileRef = A0000000000000000000021A /* ProviderCapability.swift */; };
		A0000000000000000000A107 /* ExternalLink.swift in Sources */ = {isa = PBXBuildFile; fileRef = A0000000000000000000021B /* ExternalLink.swift */; };
		A0000000000000000000A108 /* Money.swift in Sources */ = {isa = PBXBuildFile; fileRef = A0000000000000000000021C /* Money.swift */; };
		A0000000000000000000A109 /* ProviderRegistry.swift in Sources */ = {isa = PBXBuildFile; fileRef = A0000000000000000000021D /* ProviderRegistry.swift */; };
		A0000000000000000000A10A /* KeychainStore.swift in Sources */ = {isa = PBXBuildFile; fileRef = A0000000000000000000021E /* KeychainStore.swift */; };
		A0000000000000000000A10B /* ConnectionViewModel.swift in Sources */ = {isa = PBXBuildFile; fileRef = A0000000000000000000021F /* ConnectionViewModel.swift */; };
		A0000000000000000000A10C /* ProviderConnectionView.swift in Sources */ = {isa = PBXBuildFile; fileRef = A00000000000000000000220 /* ProviderConnectionView.swift */; };
		A0000000000000000000A10D /* ConnectionsView.swift in Sources */ = {isa = PBXBuildFile; fileRef = A00000000000000000000221 /* ConnectionsView.swift */; };
		A0000000000000000000A10E /* ProviderSnapshot.swift in Sources */ = {isa = PBXBuildFile; fileRef = A00000000000000000000223 /* ProviderSnapshot.swift */; };
		A0000000000000000000A10F /* ProviderClient.swift in Sources */ = {isa = PBXBuildFile; fileRef = A00000000000000000000224 /* ProviderClient.swift */; };
		A0000000000000000000A110 /* SnapshotCache.swift in Sources */ = {isa = PBXBuildFile; fileRef = A00000000000000000000226 /* SnapshotCache.swift */; };
		A0000000000000000000A111 /* RefreshTrigger.swift in Sources */ = {isa = PBXBuildFile; fileRef = A00000000000000000000227 /* RefreshTrigger.swift */; };
		A0000000000000000000A112 /* RefreshCoordinator.swift in Sources */ = {isa = PBXBuildFile; fileRef = A00000000000000000000228 /* RefreshCoordinator.swift */; };
		A0000000000000000000A113 /* DashboardViewModel.swift in Sources */ = {isa = PBXBuildFile; fileRef = A0000000000000000000022A /* DashboardViewModel.swift */; };
		A0000000000000000000A114 /* SpendCompositionBar.swift in Sources */ = {isa = PBXBuildFile; fileRef = A00000000000000000000294 /* SpendCompositionBar.swift */; };
		A0000000000000000000A115 /* ProviderMarkView.swift in Sources */ = {isa = PBXBuildFile; fileRef = A00000000000000000000292 /* ProviderMarkView.swift */; };
		A0000000000000000000A116 /* DemoDashboardDataSource.swift in Sources */ = {isa = PBXBuildFile; fileRef = A00000000000000000000290 /* DemoDashboardDataSource.swift */; };
		A0000000000000000000A117 /* ProviderCard.swift in Sources */ = {isa = PBXBuildFile; fileRef = A0000000000000000000022C /* ProviderCard.swift */; };
		A0000000000000000000A118 /* MetricRow.swift in Sources */ = {isa = PBXBuildFile; fileRef = A0000000000000000000022D /* MetricRow.swift */; };
		A0000000000000000000A119 /* HTTPClient.swift in Sources */ = {isa = PBXBuildFile; fileRef = A0000000000000000000022F /* HTTPClient.swift */; };
		A0000000000000000000A11A /* URLSessionHTTPClient.swift in Sources */ = {isa = PBXBuildFile; fileRef = A00000000000000000000230 /* URLSessionHTTPClient.swift */; };
		A0000000000000000000A11B /* RefreshBackoffPolicy.swift in Sources */ = {isa = PBXBuildFile; fileRef = A00000000000000000000231 /* RefreshBackoffPolicy.swift */; };
		A0000000000000000000A11C /* OpenAIProvider.swift in Sources */ = {isa = PBXBuildFile; fileRef = A00000000000000000000233 /* OpenAIProvider.swift */; };
		A0000000000000000000A11D /* ProviderTargetFactory.swift in Sources */ = {isa = PBXBuildFile; fileRef = A00000000000000000000235 /* ProviderTargetFactory.swift */; };
		A0000000000000000000A11E /* AnthropicProvider.swift in Sources */ = {isa = PBXBuildFile; fileRef = A00000000000000000000237 /* AnthropicProvider.swift */; };
		A0000000000000000000A11F /* DeepSeekProvider.swift in Sources */ = {isa = PBXBuildFile; fileRef = A00000000000000000000239 /* DeepSeekProvider.swift */; };
		A0000000000000000000A120 /* GeminiProvider.swift in Sources */ = {isa = PBXBuildFile; fileRef = A0000000000000000000023B /* GeminiProvider.swift */; };
		A0000000000000000000A121 /* CustomizeViewModel.swift in Sources */ = {isa = PBXBuildFile; fileRef = A0000000000000000000023D /* CustomizeViewModel.swift */; };
		A0000000000000000000A122 /* ProviderCustomizationStore.swift in Sources */ = {isa = PBXBuildFile; fileRef = A0000000000000000000023E /* ProviderCustomizationStore.swift */; };
		A0000000000000000000A123 /* CustomizeProvidersView.swift in Sources */ = {isa = PBXBuildFile; fileRef = A0000000000000000000023F /* CustomizeProvidersView.swift */; };
		A0000000000000000000A124 /* ProviderOrderRow.swift in Sources */ = {isa = PBXBuildFile; fileRef = A00000000000000000000240 /* ProviderOrderRow.swift */; };
		A0000000000000000000A125 /* PeriodPicker.swift in Sources */ = {isa = PBXBuildFile; fileRef = A00000000000000000000241 /* PeriodPicker.swift */; };
		A0000000000000000000A126 /* SpendTrendChart.swift in Sources */ = {isa = PBXBuildFile; fileRef = A00000000000000000000243 /* SpendTrendChart.swift */; };
		A0000000000000000000A127 /* SummaryCard.swift in Sources */ = {isa = PBXBuildFile; fileRef = A00000000000000000000244 /* SummaryCard.swift */; };
		A0000000000000000000A128 /* ProviderVisualStyle.swift in Sources */ = {isa = PBXBuildFile; fileRef = A00000000000000000000245 /* ProviderVisualStyle.swift */; };
		A0000000000000000000A129 /* PlatformBalanceStore.swift in Sources */ = {isa = PBXBuildFile; fileRef = A00000000000000000000247 /* PlatformBalanceStore.swift */; };
		A0000000000000000000A12A /* PlatformBalanceEditor.swift in Sources */ = {isa = PBXBuildFile; fileRef = A00000000000000000000248 /* PlatformBalanceEditor.swift */; };
		A0000000000000000000A12B /* BalanceNotificationService.swift in Sources */ = {isa = PBXBuildFile; fileRef = A00000000000000000000249 /* BalanceNotificationService.swift */; };
		A0000000000000000000A12C /* ProviderEndpointStore.swift in Sources */ = {isa = PBXBuildFile; fileRef = A0000000000000000000024C /* ProviderEndpointStore.swift */; };
		A0000000000000000000A12D /* QwenProvider.swift in Sources */ = {isa = PBXBuildFile; fileRef = A0000000000000000000024D /* QwenProvider.swift */; };
		A0000000000000000000A12E /* KimiProvider.swift in Sources */ = {isa = PBXBuildFile; fileRef = A00000000000000000000251 /* KimiProvider.swift */; };
		A0000000000000000000A12F /* OpenRouterProvider.swift in Sources */ = {isa = PBXBuildFile; fileRef = A00000000000000000000252 /* OpenRouterProvider.swift */; };
		A0000000000000000000A130 /* XAIProvider.swift in Sources */ = {isa = PBXBuildFile; fileRef = A00000000000000000000254 /* XAIProvider.swift */; };
		A0000000000000000000A131 /* MistralProvider.swift in Sources */ = {isa = PBXBuildFile; fileRef = A00000000000000000000256 /* MistralProvider.swift */; };
		A0000000000000000000A132 /* Spender.icns in Resources */ = {isa = PBXBuildFile; fileRef = A0000000000000000000024B /* Spender.icns */; };
		A0000000000000000000A133 /* ProviderMarks.xcassets in Resources */ = {isa = PBXBuildFile; fileRef = A00000000000000000000291 /* ProviderMarks.xcassets */; };
		A0000000000000000000A021 /* AppUpdater.swift in Sources */ = {isa = PBXBuildFile; fileRef = A0000000000000000000A020 /* AppUpdater.swift */; };
		A0000000000000000000A022 /* AppUpdater.swift in Sources */ = {isa = PBXBuildFile; fileRef = A0000000000000000000A020 /* AppUpdater.swift */; };
/* End PBXBuildFile section */

/* Begin PBXContainerItemProxy section */
		A00000000000000000000301 /* PBXContainerItemProxy */ = {
			isa = PBXContainerItemProxy;
			containerPortal = A00000000000000000000401 /* Project object */;
			proxyType = 1;
			remoteGlobalIDString = A00000000000000000000501;
			remoteInfo = LLMSpendMonitor;
		};
		A00000000000000000000302 /* PBXContainerItemProxy */ = {
			isa = PBXContainerItemProxy;
			containerPortal = A00000000000000000000401 /* Project object */;
			proxyType = 1;
			remoteGlobalIDString = A00000000000000000000501;
			remoteInfo = LLMSpendMonitor;
		};
/* End PBXContainerItemProxy section */

/* Begin PBXFileReference section */
		A00000000000000000000201 /* LLMSpendMonitorApp.swift */ = {isa = PBXFileReference; lastKnownFileType = sourcecode.swift; path = LLMSpendMonitorApp.swift; sourceTree = "<group>"; };
		A00000000000000000000202 /* AppState.swift */ = {isa = PBXFileReference; lastKnownFileType = sourcecode.swift; path = AppState.swift; sourceTree = "<group>"; };
		A00000000000000000000203 /* StatusBarController.swift */ = {isa = PBXFileReference; lastKnownFileType = sourcecode.swift; path = StatusBarController.swift; sourceTree = "<group>"; };
		A00000000000000000000204 /* MenuBarLabelView.swift */ = {isa = PBXFileReference; lastKnownFileType = sourcecode.swift; path = MenuBarLabelView.swift; sourceTree = "<group>"; };
		A00000000000000000000205 /* DashboardRootView.swift */ = {isa = PBXFileReference; lastKnownFileType = sourcecode.swift; path = DashboardRootView.swift; sourceTree = "<group>"; };
		A00000000000000000000206 /* MenuBarShellTests.swift */ = {isa = PBXFileReference; lastKnownFileType = sourcecode.swift; path = MenuBarShellTests.swift; sourceTree = "<group>"; };
		A00000000000000000000207 /* MenuBarLifecycleUITests.swift */ = {isa = PBXFileReference; lastKnownFileType = sourcecode.swift; path = MenuBarLifecycleUITests.swift; sourceTree = "<group>"; };
		A00000000000000000000208 /* Info.plist */ = {isa = PBXFileReference; lastKnownFileType = text.plist.xml; path = Info.plist; sourceTree = "<group>"; };
		A00000000000000000000209 /* LLMSpendMonitor.entitlements */ = {isa = PBXFileReference; lastKnownFileType = text.plist.entitlements; path = LLMSpendMonitor.entitlements; sourceTree = "<group>"; };
		A00000000000000000000210 /* Spender.app */ = {isa = PBXFileReference; explicitFileType = wrapper.application; includeInIndex = 0; path = Spender.app; sourceTree = BUILT_PRODUCTS_DIR; };
		A00000000000000000000211 /* LLMSpendMonitorTests.xctest */ = {isa = PBXFileReference; explicitFileType = wrapper.cfbundle; includeInIndex = 0; path = LLMSpendMonitorTests.xctest; sourceTree = BUILT_PRODUCTS_DIR; };
		A00000000000000000000212 /* LLMSpendMonitorUITests.xctest */ = {isa = PBXFileReference; explicitFileType = wrapper.cfbundle; includeInIndex = 0; path = LLMSpendMonitorUITests.xctest; sourceTree = BUILT_PRODUCTS_DIR; };
		A00000000000000000000213 /* MoneyTests.swift */ = {isa = PBXFileReference; lastKnownFileType = sourcecode.swift; path = MoneyTests.swift; sourceTree = "<group>"; };
		A00000000000000000000214 /* ProviderRegistryTests.swift */ = {isa = PBXFileReference; lastKnownFileType = sourcecode.swift; path = ProviderRegistryTests.swift; sourceTree = "<group>"; };
		A00000000000000000000215 /* KeychainStoreTests.swift */ = {isa = PBXFileReference; lastKnownFileType = sourcecode.swift; path = KeychainStoreTests.swift; sourceTree = "<group>"; };
		A00000000000000000000216 /* ConnectionViewModelTests.swift */ = {isa = PBXFileReference; lastKnownFileType = sourcecode.swift; path = ConnectionViewModelTests.swift; sourceTree = "<group>"; };
		A00000000000000000000217 /* SecretLeakRegressionTests.swift */ = {isa = PBXFileReference; lastKnownFileType = sourcecode.swift; path = SecretLeakRegressionTests.swift; sourceTree = "<group>"; };
		A00000000000000000000218 /* ConnectionFlowUITests.swift */ = {isa = PBXFileReference; lastKnownFileType = sourcecode.swift; path = ConnectionFlowUITests.swift; sourceTree = "<group>"; };
		A00000000000000000000219 /* ProviderID.swift */ = {isa = PBXFileReference; lastKnownFileType = sourcecode.swift; path = ProviderID.swift; sourceTree = "<group>"; };
		A0000000000000000000021A /* ProviderCapability.swift */ = {isa = PBXFileReference; lastKnownFileType = sourcecode.swift; path = ProviderCapability.swift; sourceTree = "<group>"; };
		A0000000000000000000021B /* ExternalLink.swift */ = {isa = PBXFileReference; lastKnownFileType = sourcecode.swift; path = ExternalLink.swift; sourceTree = "<group>"; };
		A0000000000000000000021C /* Money.swift */ = {isa = PBXFileReference; lastKnownFileType = sourcecode.swift; path = Money.swift; sourceTree = "<group>"; };
		A0000000000000000000021D /* ProviderRegistry.swift */ = {isa = PBXFileReference; lastKnownFileType = sourcecode.swift; path = ProviderRegistry.swift; sourceTree = "<group>"; };
		A0000000000000000000021E /* KeychainStore.swift */ = {isa = PBXFileReference; lastKnownFileType = sourcecode.swift; path = KeychainStore.swift; sourceTree = "<group>"; };
		A0000000000000000000021F /* ConnectionViewModel.swift */ = {isa = PBXFileReference; lastKnownFileType = sourcecode.swift; path = ConnectionViewModel.swift; sourceTree = "<group>"; };
		A00000000000000000000220 /* ProviderConnectionView.swift */ = {isa = PBXFileReference; lastKnownFileType = sourcecode.swift; path = ProviderConnectionView.swift; sourceTree = "<group>"; };
		A00000000000000000000221 /* ConnectionsView.swift */ = {isa = PBXFileReference; lastKnownFileType = sourcecode.swift; path = ConnectionsView.swift; sourceTree = "<group>"; };
		A00000000000000000000222 /* ProviderSnapshotTests.swift */ = {isa = PBXFileReference; lastKnownFileType = sourcecode.swift; path = ProviderSnapshotTests.swift; sourceTree = "<group>"; };
		A00000000000000000000223 /* ProviderSnapshot.swift */ = {isa = PBXFileReference; lastKnownFileType = sourcecode.swift; path = ProviderSnapshot.swift; sourceTree = "<group>"; };
		A00000000000000000000224 /* ProviderClient.swift */ = {isa = PBXFileReference; lastKnownFileType = sourcecode.swift; path = ProviderClient.swift; sourceTree = "<group>"; };
		A00000000000000000000225 /* SnapshotCacheTests.swift */ = {isa = PBXFileReference; lastKnownFileType = sourcecode.swift; path = SnapshotCacheTests.swift; sourceTree = "<group>"; };
		A00000000000000000000226 /* SnapshotCache.swift */ = {isa = PBXFileReference; lastKnownFileType = sourcecode.swift; path = SnapshotCache.swift; sourceTree = "<group>"; };
		A00000000000000000000227 /* RefreshTrigger.swift */ = {isa = PBXFileReference; lastKnownFileType = sourcecode.swift; path = RefreshTrigger.swift; sourceTree = "<group>"; };
		A00000000000000000000228 /* RefreshCoordinator.swift */ = {isa = PBXFileReference; lastKnownFileType = sourcecode.swift; path = RefreshCoordinator.swift; sourceTree = "<group>"; };
		A00000000000000000000229 /* RefreshCoordinatorTests.swift */ = {isa = PBXFileReference; lastKnownFileType = sourcecode.swift; path = RefreshCoordinatorTests.swift; sourceTree = "<group>"; };
		A0000000000000000000022B /* DashboardViewModelTests.swift */ = {isa = PBXFileReference; lastKnownFileType = sourcecode.swift; path = DashboardViewModelTests.swift; sourceTree = "<group>"; };
		A0000000000000000000022A /* DashboardViewModel.swift */ = {isa = PBXFileReference; lastKnownFileType = sourcecode.swift; path = DashboardViewModel.swift; sourceTree = "<group>"; };
		A00000000000000000000290 /* DemoDashboardDataSource.swift */ = {isa = PBXFileReference; lastKnownFileType = sourcecode.swift; path = DemoDashboardDataSource.swift; sourceTree = "<group>"; };
		A0000000000000000000022C /* ProviderCard.swift */ = {isa = PBXFileReference; lastKnownFileType = sourcecode.swift; path = ProviderCard.swift; sourceTree = "<group>"; };
		A0000000000000000000022D /* MetricRow.swift */ = {isa = PBXFileReference; lastKnownFileType = sourcecode.swift; path = MetricRow.swift; sourceTree = "<group>"; };
		A0000000000000000000022E /* HTTPClientTests.swift */ = {isa = PBXFileReference; lastKnownFileType = sourcecode.swift; path = HTTPClientTests.swift; sourceTree = "<group>"; };
		A0000000000000000000022F /* HTTPClient.swift */ = {isa = PBXFileReference; lastKnownFileType = sourcecode.swift; path = HTTPClient.swift; sourceTree = "<group>"; };
		A00000000000000000000230 /* URLSessionHTTPClient.swift */ = {isa = PBXFileReference; lastKnownFileType = sourcecode.swift; path = URLSessionHTTPClient.swift; sourceTree = "<group>"; };
		A00000000000000000000231 /* RefreshBackoffPolicy.swift */ = {isa = PBXFileReference; lastKnownFileType = sourcecode.swift; path = RefreshBackoffPolicy.swift; sourceTree = "<group>"; };
		A00000000000000000000232 /* OpenAIProviderTests.swift */ = {isa = PBXFileReference; lastKnownFileType = sourcecode.swift; path = OpenAIProviderTests.swift; sourceTree = "<group>"; };
		A00000000000000000000233 /* OpenAIProvider.swift */ = {isa = PBXFileReference; lastKnownFileType = sourcecode.swift; path = OpenAIProvider.swift; sourceTree = "<group>"; };
		A00000000000000000000234 /* ProviderTargetFactoryTests.swift */ = {isa = PBXFileReference; lastKnownFileType = sourcecode.swift; path = ProviderTargetFactoryTests.swift; sourceTree = "<group>"; };
		A00000000000000000000235 /* ProviderTargetFactory.swift */ = {isa = PBXFileReference; lastKnownFileType = sourcecode.swift; path = ProviderTargetFactory.swift; sourceTree = "<group>"; };
		A00000000000000000000236 /* AnthropicProviderTests.swift */ = {isa = PBXFileReference; lastKnownFileType = sourcecode.swift; path = AnthropicProviderTests.swift; sourceTree = "<group>"; };
		A00000000000000000000237 /* AnthropicProvider.swift */ = {isa = PBXFileReference; lastKnownFileType = sourcecode.swift; path = AnthropicProvider.swift; sourceTree = "<group>"; };
		A00000000000000000000238 /* DeepSeekProviderTests.swift */ = {isa = PBXFileReference; lastKnownFileType = sourcecode.swift; path = DeepSeekProviderTests.swift; sourceTree = "<group>"; };
		A00000000000000000000239 /* DeepSeekProvider.swift */ = {isa = PBXFileReference; lastKnownFileType = sourcecode.swift; path = DeepSeekProvider.swift; sourceTree = "<group>"; };
		A0000000000000000000023A /* GeminiProviderTests.swift */ = {isa = PBXFileReference; lastKnownFileType = sourcecode.swift; path = GeminiProviderTests.swift; sourceTree = "<group>"; };
		A0000000000000000000023B /* GeminiProvider.swift */ = {isa = PBXFileReference; lastKnownFileType = sourcecode.swift; path = GeminiProvider.swift; sourceTree = "<group>"; };
		A0000000000000000000023C /* CustomizeViewModelTests.swift */ = {isa = PBXFileReference; lastKnownFileType = sourcecode.swift; path = CustomizeViewModelTests.swift; sourceTree = "<group>"; };
		A0000000000000000000023D /* CustomizeViewModel.swift */ = {isa = PBXFileReference; lastKnownFileType = sourcecode.swift; path = CustomizeViewModel.swift; sourceTree = "<group>"; };
		A0000000000000000000023E /* ProviderCustomizationStore.swift */ = {isa = PBXFileReference; lastKnownFileType = sourcecode.swift; path = ProviderCustomizationStore.swift; sourceTree = "<group>"; };
		A0000000000000000000023F /* CustomizeProvidersView.swift */ = {isa = PBXFileReference; lastKnownFileType = sourcecode.swift; path = CustomizeProvidersView.swift; sourceTree = "<group>"; };
		A00000000000000000000240 /* ProviderOrderRow.swift */ = {isa = PBXFileReference; lastKnownFileType = sourcecode.swift; path = ProviderOrderRow.swift; sourceTree = "<group>"; };
		A00000000000000000000241 /* PeriodPicker.swift */ = {isa = PBXFileReference; lastKnownFileType = sourcecode.swift; path = PeriodPicker.swift; sourceTree = "<group>"; };
		A00000000000000000000243 /* SpendTrendChart.swift */ = {isa = PBXFileReference; lastKnownFileType = sourcecode.swift; path = SpendTrendChart.swift; sourceTree = "<group>"; };
		A00000000000000000000244 /* SummaryCard.swift */ = {isa = PBXFileReference; lastKnownFileType = sourcecode.swift; path = SummaryCard.swift; sourceTree = "<group>"; };
		A00000000000000000000245 /* ProviderVisualStyle.swift */ = {isa = PBXFileReference; lastKnownFileType = sourcecode.swift; path = ProviderVisualStyle.swift; sourceTree = "<group>"; };
		A00000000000000000000246 /* PlatformBalanceTests.swift */ = {isa = PBXFileReference; lastKnownFileType = sourcecode.swift; path = PlatformBalanceTests.swift; sourceTree = "<group>"; };
		A00000000000000000000247 /* PlatformBalanceStore.swift */ = {isa = PBXFileReference; lastKnownFileType = sourcecode.swift; path = PlatformBalanceStore.swift; sourceTree = "<group>"; };
		A00000000000000000000248 /* PlatformBalanceEditor.swift */ = {isa = PBXFileReference; lastKnownFileType = sourcecode.swift; path = PlatformBalanceEditor.swift; sourceTree = "<group>"; };
		A00000000000000000000249 /* BalanceNotificationService.swift */ = {isa = PBXFileReference; lastKnownFileType = sourcecode.swift; path = BalanceNotificationService.swift; sourceTree = "<group>"; };
		A0000000000000000000024A /* BalanceNotificationServiceTests.swift */ = {isa = PBXFileReference; lastKnownFileType = sourcecode.swift; path = BalanceNotificationServiceTests.swift; sourceTree = "<group>"; };
		A0000000000000000000024B /* Spender.icns */ = {isa = PBXFileReference; lastKnownFileType = image.icns; path = Spender.icns; sourceTree = "<group>"; };
		A00000000000000000000291 /* ProviderMarks.xcassets */ = {isa = PBXFileReference; lastKnownFileType = folder.assetcatalog; path = ProviderMarks.xcassets; sourceTree = "<group>"; };
		A00000000000000000000292 /* ProviderMarkView.swift */ = {isa = PBXFileReference; lastKnownFileType = sourcecode.swift; path = ProviderMarkView.swift; sourceTree = "<group>"; };
		A00000000000000000000294 /* SpendCompositionBar.swift */ = {isa = PBXFileReference; lastKnownFileType = sourcecode.swift; path = SpendCompositionBar.swift; sourceTree = "<group>"; };
		A0000000000000000000024C /* ProviderEndpointStore.swift */ = {isa = PBXFileReference; lastKnownFileType = sourcecode.swift; path = ProviderEndpointStore.swift; sourceTree = "<group>"; };
		A0000000000000000000024D /* QwenProvider.swift */ = {isa = PBXFileReference; lastKnownFileType = sourcecode.swift; path = QwenProvider.swift; sourceTree = "<group>"; };
		A0000000000000000000024E /* QwenProviderTests.swift */ = {isa = PBXFileReference; lastKnownFileType = sourcecode.swift; path = QwenProviderTests.swift; sourceTree = "<group>"; };
		A0000000000000000000024F /* KimiProviderTests.swift */ = {isa = PBXFileReference; lastKnownFileType = sourcecode.swift; path = KimiProviderTests.swift; sourceTree = "<group>"; };
		A00000000000000000000250 /* OpenRouterProviderTests.swift */ = {isa = PBXFileReference; lastKnownFileType = sourcecode.swift; path = OpenRouterProviderTests.swift; sourceTree = "<group>"; };
		A00000000000000000000251 /* KimiProvider.swift */ = {isa = PBXFileReference; lastKnownFileType = sourcecode.swift; path = KimiProvider.swift; sourceTree = "<group>"; };
		A00000000000000000000252 /* OpenRouterProvider.swift */ = {isa = PBXFileReference; lastKnownFileType = sourcecode.swift; path = OpenRouterProvider.swift; sourceTree = "<group>"; };
		A00000000000000000000253 /* XAIProviderTests.swift */ = {isa = PBXFileReference; lastKnownFileType = sourcecode.swift; path = XAIProviderTests.swift; sourceTree = "<group>"; };
		A00000000000000000000254 /* XAIProvider.swift */ = {isa = PBXFileReference; lastKnownFileType = sourcecode.swift; path = XAIProvider.swift; sourceTree = "<group>"; };
		A00000000000000000000255 /* MistralProviderTests.swift */ = {isa = PBXFileReference; lastKnownFileType = sourcecode.swift; path = MistralProviderTests.swift; sourceTree = "<group>"; };
		A00000000000000000000256 /* MistralProvider.swift */ = {isa = PBXFileReference; lastKnownFileType = sourcecode.swift; path = MistralProvider.swift; sourceTree = "<group>"; };
		A0000000000000000000A017 /* Spender.app */ = {isa = PBXFileReference; explicitFileType = wrapper.application; includeInIndex = 0; path = Spender.app; sourceTree = BUILT_PRODUCTS_DIR; };
		A0000000000000000000A020 /* AppUpdater.swift */ = {isa = PBXFileReference; lastKnownFileType = sourcecode.swift; path = AppUpdater.swift; sourceTree = "<group>"; };
/* End PBXFileReference section */

/* Begin PBXFrameworksBuildPhase section */
		A00000000000000000000601 /* Frameworks */ = {isa = PBXFrameworksBuildPhase; buildActionMask = 2147483647; files = (A0000000000000000000A003 /* Sparkle in Frameworks */); runOnlyForDeploymentPostprocessing = 0; };
		A00000000000000000000602 /* Frameworks */ = {isa = PBXFrameworksBuildPhase; buildActionMask = 2147483647; files = (); runOnlyForDeploymentPostprocessing = 0; };
		A00000000000000000000603 /* Frameworks */ = {isa = PBXFrameworksBuildPhase; buildActionMask = 2147483647; files = (); runOnlyForDeploymentPostprocessing = 0; };
		A0000000000000000000A015 /* Frameworks */ = {isa = PBXFrameworksBuildPhase; buildActionMask = 2147483647; files = (); runOnlyForDeploymentPostprocessing = 0; };
/* End PBXFrameworksBuildPhase section */

/* Begin PBXGroup section */
		A00000000000000000000701 = {
			isa = PBXGroup;
			children = (
				A00000000000000000000702 /* LLMSpendMonitor */,
				A00000000000000000000706 /* LLMSpendMonitorTests */,
				A00000000000000000000708 /* LLMSpendMonitorUITests */,
				A00000000000000000000709 /* Products */,
			);
			sourceTree = "<group>";
		};
		A00000000000000000000702 /* LLMSpendMonitor */ = {
			isa = PBXGroup;
			children = (
				A00000000000000000000703 /* App */,
				A00000000000000000000710 /* Domain */,
				A00000000000000000000711 /* Providers */,
				A00000000000000000000712 /* Infrastructure */,
				A00000000000000000000713 /* Features */,
				A00000000000000000000719 /* Services */,
				A00000000000000000000704 /* UI */,
				A00000000000000000000729 /* Resources */,
				A00000000000000000000208 /* Info.plist */,
				A00000000000000000000209 /* LLMSpendMonitor.entitlements */,
			);
			path = LLMSpendMonitor;
			sourceTree = "<group>";
		};
		A00000000000000000000703 /* App */ = {
			isa = PBXGroup;
			children = (
				A0000000000000000000A020 /* AppUpdater.swift */,
				A00000000000000000000201 /* LLMSpendMonitorApp.swift */,
				A00000000000000000000202 /* AppState.swift */,
				A00000000000000000000203 /* StatusBarController.swift */,
			);
			path = App;
			sourceTree = "<group>";
		};
		A00000000000000000000704 /* UI */ = {
			isa = PBXGroup;
			children = (
				A00000000000000000000705 /* MenuBar */,
				A0000000000000000000070A /* Dashboard */,
				A00000000000000000000717 /* Connections */,
				A0000000000000000000071C /* Providers */,
				A00000000000000000000728 /* Customize */,
			);
			path = UI;
			sourceTree = "<group>";
		};
		A00000000000000000000705 /* MenuBar */ = {
			isa = PBXGroup;
			children = (A00000000000000000000204 /* MenuBarLabelView.swift */);
			path = MenuBar;
			sourceTree = "<group>";
		};
		A0000000000000000000070A /* Dashboard */ = {
			isa = PBXGroup;
			children = (A00000000000000000000205 /* DashboardRootView.swift */, A00000000000000000000241 /* PeriodPicker.swift */, A00000000000000000000243 /* SpendTrendChart.swift */, A00000000000000000000244 /* SummaryCard.swift */, A00000000000000000000294 /* SpendCompositionBar.swift */);
			path = Dashboard;
			sourceTree = "<group>";
		};
		A00000000000000000000706 /* LLMSpendMonitorTests */ = {
			isa = PBXGroup;
			children = (
				A00000000000000000000707 /* App */,
				A0000000000000000000070B /* Domain */,
				A0000000000000000000070C /* Providers */,
				A0000000000000000000070D /* Infrastructure */,
				A0000000000000000000070E /* Features */,
				A0000000000000000000070F /* Security */,
				A0000000000000000000071A /* Services */,
			);
			path = LLMSpendMonitorTests;
			sourceTree = "<group>";
		};
		A00000000000000000000707 /* App */ = {
			isa = PBXGroup;
			children = (A00000000000000000000206 /* MenuBarShellTests.swift */);
			path = App;
			sourceTree = "<group>";
		};
		A00000000000000000000708 /* LLMSpendMonitorUITests */ = {
			isa = PBXGroup;
			children = (
				A00000000000000000000207 /* MenuBarLifecycleUITests.swift */,
				A00000000000000000000218 /* ConnectionFlowUITests.swift */,
			);
			path = LLMSpendMonitorUITests;
			sourceTree = "<group>";
		};
		A0000000000000000000070B /* Domain */ = {isa = PBXGroup; children = (A00000000000000000000213 /* MoneyTests.swift */, A00000000000000000000222 /* ProviderSnapshotTests.swift */); path = Domain; sourceTree = "<group>"; };
		A0000000000000000000070C /* Providers */ = {isa = PBXGroup; children = (A00000000000000000000214 /* ProviderRegistryTests.swift */, A0000000000000000000071E /* OpenAI */, A00000000000000000000720 /* Anthropic */, A00000000000000000000722 /* DeepSeek */, A00000000000000000000724 /* Gemini */, A0000000000000000000072A /* Qwen */, A0000000000000000000072C /* Kimi */, A0000000000000000000072D /* OpenRouter */, A00000000000000000000730 /* XAI */, A00000000000000000000732 /* Mistral */); path = Providers; sourceTree = "<group>"; };
		A0000000000000000000070D /* Infrastructure */ = {isa = PBXGroup; children = (A00000000000000000000215 /* KeychainStoreTests.swift */, A00000000000000000000225 /* SnapshotCacheTests.swift */, A0000000000000000000022E /* HTTPClientTests.swift */); path = Infrastructure; sourceTree = "<group>"; };
		A0000000000000000000070E /* Features */ = {isa = PBXGroup; children = (A00000000000000000000216 /* ConnectionViewModelTests.swift */, A0000000000000000000022B /* DashboardViewModelTests.swift */, A00000000000000000000246 /* PlatformBalanceTests.swift */, A00000000000000000000726 /* Customize */); path = Features; sourceTree = "<group>"; };
		A0000000000000000000070F /* Security */ = {isa = PBXGroup; children = (A00000000000000000000217 /* SecretLeakRegressionTests.swift */); path = Security; sourceTree = "<group>"; };
		A00000000000000000000710 /* Domain */ = {isa = PBXGroup; children = (A00000000000000000000219 /* ProviderID.swift */, A0000000000000000000021A /* ProviderCapability.swift */, A0000000000000000000021B /* ExternalLink.swift */, A0000000000000000000021C /* Money.swift */, A00000000000000000000223 /* ProviderSnapshot.swift */); path = Domain; sourceTree = "<group>"; };
		A00000000000000000000711 /* Providers */ = {isa = PBXGroup; children = (A0000000000000000000021D /* ProviderRegistry.swift */, A00000000000000000000224 /* ProviderClient.swift */, A0000000000000000000071F /* OpenAI */, A00000000000000000000721 /* Anthropic */, A00000000000000000000723 /* DeepSeek */, A00000000000000000000725 /* Gemini */, A0000000000000000000072B /* Qwen */, A0000000000000000000072E /* Kimi */, A0000000000000000000072F /* OpenRouter */, A00000000000000000000731 /* XAI */, A00000000000000000000733 /* Mistral */); path = Providers; sourceTree = "<group>"; };
		A00000000000000000000712 /* Infrastructure */ = {isa = PBXGroup; children = (A00000000000000000000714 /* Security */, A00000000000000000000718 /* Persistence */, A0000000000000000000071D /* Networking */); path = Infrastructure; sourceTree = "<group>"; };
		A00000000000000000000713 /* Features */ = {isa = PBXGroup; children = (A00000000000000000000715 /* Connections */, A0000000000000000000071B /* Dashboard */, A00000000000000000000727 /* Customize */); path = Features; sourceTree = "<group>"; };
		A00000000000000000000714 /* Security */ = {isa = PBXGroup; children = (A0000000000000000000021E /* KeychainStore.swift */); path = Security; sourceTree = "<group>"; };
		A00000000000000000000715 /* Connections */ = {isa = PBXGroup; children = (A0000000000000000000021F /* ConnectionViewModel.swift */); path = Connections; sourceTree = "<group>"; };
		A00000000000000000000717 /* Connections */ = {isa = PBXGroup; children = (A00000000000000000000220 /* ProviderConnectionView.swift */, A00000000000000000000221 /* ConnectionsView.swift */); path = Connections; sourceTree = "<group>"; };
		A00000000000000000000718 /* Persistence */ = {isa = PBXGroup; children = (A00000000000000000000226 /* SnapshotCache.swift */, A0000000000000000000023E /* ProviderCustomizationStore.swift */, A00000000000000000000247 /* PlatformBalanceStore.swift */, A0000000000000000000024C /* ProviderEndpointStore.swift */); path = Persistence; sourceTree = "<group>"; };
		A00000000000000000000719 /* Services */ = {isa = PBXGroup; children = (A00000000000000000000227 /* RefreshTrigger.swift */, A00000000000000000000228 /* RefreshCoordinator.swift */, A00000000000000000000231 /* RefreshBackoffPolicy.swift */, A00000000000000000000235 /* ProviderTargetFactory.swift */, A00000000000000000000249 /* BalanceNotificationService.swift */); path = Services; sourceTree = "<group>"; };
		A0000000000000000000071A /* Services */ = {isa = PBXGroup; children = (A00000000000000000000229 /* RefreshCoordinatorTests.swift */, A00000000000000000000234 /* ProviderTargetFactoryTests.swift */, A0000000000000000000024A /* BalanceNotificationServiceTests.swift */); path = Services; sourceTree = "<group>"; };
		A0000000000000000000071B /* Dashboard */ = {isa = PBXGroup; children = (A0000000000000000000022A /* DashboardViewModel.swift */, A00000000000000000000290 /* DemoDashboardDataSource.swift */); path = Dashboard; sourceTree = "<group>"; };
		A0000000000000000000071C /* Providers */ = {isa = PBXGroup; children = (A0000000000000000000022C /* ProviderCard.swift */, A0000000000000000000022D /* MetricRow.swift */, A00000000000000000000245 /* ProviderVisualStyle.swift */, A00000000000000000000248 /* PlatformBalanceEditor.swift */, A00000000000000000000292 /* ProviderMarkView.swift */); path = Providers; sourceTree = "<group>"; };
		A0000000000000000000071D /* Networking */ = {isa = PBXGroup; children = (A0000000000000000000022F /* HTTPClient.swift */, A00000000000000000000230 /* URLSessionHTTPClient.swift */); path = Networking; sourceTree = "<group>"; };
		A0000000000000000000071E /* OpenAI */ = {isa = PBXGroup; children = (A00000000000000000000232 /* OpenAIProviderTests.swift */); path = OpenAI; sourceTree = "<group>"; };
		A0000000000000000000071F /* OpenAI */ = {isa = PBXGroup; children = (A00000000000000000000233 /* OpenAIProvider.swift */); path = OpenAI; sourceTree = "<group>"; };
		A00000000000000000000720 /* Anthropic */ = {isa = PBXGroup; children = (A00000000000000000000236 /* AnthropicProviderTests.swift */); path = Anthropic; sourceTree = "<group>"; };
		A00000000000000000000721 /* Anthropic */ = {isa = PBXGroup; children = (A00000000000000000000237 /* AnthropicProvider.swift */); path = Anthropic; sourceTree = "<group>"; };
		A00000000000000000000722 /* DeepSeek */ = {isa = PBXGroup; children = (A00000000000000000000238 /* DeepSeekProviderTests.swift */); path = DeepSeek; sourceTree = "<group>"; };
		A00000000000000000000723 /* DeepSeek */ = {isa = PBXGroup; children = (A00000000000000000000239 /* DeepSeekProvider.swift */); path = DeepSeek; sourceTree = "<group>"; };
		A00000000000000000000724 /* Gemini */ = {isa = PBXGroup; children = (A0000000000000000000023A /* GeminiProviderTests.swift */); path = Gemini; sourceTree = "<group>"; };
		A00000000000000000000725 /* Gemini */ = {isa = PBXGroup; children = (A0000000000000000000023B /* GeminiProvider.swift */); path = Gemini; sourceTree = "<group>"; };
		A0000000000000000000072A /* Qwen */ = {isa = PBXGroup; children = (A0000000000000000000024E /* QwenProviderTests.swift */); path = Qwen; sourceTree = "<group>"; };
		A0000000000000000000072B /* Qwen */ = {isa = PBXGroup; children = (A0000000000000000000024D /* QwenProvider.swift */); path = Qwen; sourceTree = "<group>"; };
		A0000000000000000000072C /* Kimi */ = {isa = PBXGroup; children = (A0000000000000000000024F /* KimiProviderTests.swift */); path = Kimi; sourceTree = "<group>"; };
		A0000000000000000000072D /* OpenRouter */ = {isa = PBXGroup; children = (A00000000000000000000250 /* OpenRouterProviderTests.swift */); path = OpenRouter; sourceTree = "<group>"; };
		A0000000000000000000072E /* Kimi */ = {isa = PBXGroup; children = (A00000000000000000000251 /* KimiProvider.swift */); path = Kimi; sourceTree = "<group>"; };
		A0000000000000000000072F /* OpenRouter */ = {isa = PBXGroup; children = (A00000000000000000000252 /* OpenRouterProvider.swift */); path = OpenRouter; sourceTree = "<group>"; };
		A00000000000000000000730 /* XAI */ = {isa = PBXGroup; children = (A00000000000000000000253 /* XAIProviderTests.swift */); path = XAI; sourceTree = "<group>"; };
		A00000000000000000000731 /* XAI */ = {isa = PBXGroup; children = (A00000000000000000000254 /* XAIProvider.swift */); path = XAI; sourceTree = "<group>"; };
		A00000000000000000000732 /* Mistral */ = {isa = PBXGroup; children = (A00000000000000000000255 /* MistralProviderTests.swift */); path = Mistral; sourceTree = "<group>"; };
		A00000000000000000000733 /* Mistral */ = {isa = PBXGroup; children = (A00000000000000000000256 /* MistralProvider.swift */); path = Mistral; sourceTree = "<group>"; };
		A00000000000000000000726 /* Customize */ = {isa = PBXGroup; children = (A0000000000000000000023C /* CustomizeViewModelTests.swift */); path = Customize; sourceTree = "<group>"; };
		A00000000000000000000727 /* Customize */ = {isa = PBXGroup; children = (A0000000000000000000023D /* CustomizeViewModel.swift */); path = Customize; sourceTree = "<group>"; };
		A00000000000000000000728 /* Customize */ = {isa = PBXGroup; children = (A0000000000000000000023F /* CustomizeProvidersView.swift */, A00000000000000000000240 /* ProviderOrderRow.swift */); path = Customize; sourceTree = "<group>"; };
		A00000000000000000000729 /* Resources */ = {isa = PBXGroup; children = (A0000000000000000000024B /* Spender.icns */, A00000000000000000000291 /* ProviderMarks.xcassets */); path = Resources; sourceTree = "<group>"; };
		A00000000000000000000709 /* Products */ = {
			isa = PBXGroup;
			children = (
				A00000000000000000000210 /* Spender.app */,
				A0000000000000000000A017 /* Spender.app */,
				A00000000000000000000211 /* LLMSpendMonitorTests.xctest */,
				A00000000000000000000212 /* LLMSpendMonitorUITests.xctest */,
			);
			name = Products;
			sourceTree = "<group>";
		};
/* End PBXGroup section */

/* Begin PBXNativeTarget section */
		A00000000000000000000501 /* LLMSpendMonitor */ = {
			isa = PBXNativeTarget;
			buildConfigurationList = A00000000000000000000802 /* Build configuration list for PBXNativeTarget "LLMSpendMonitor" */;
			buildPhases = (A00000000000000000000611 /* Sources */, A00000000000000000000601 /* Frameworks */, A00000000000000000000621 /* Resources */);
			buildRules = ();
			dependencies = ();
			name = LLMSpendMonitor;
			packageProductDependencies = (A0000000000000000000A002 /* Sparkle */);
			productName = LLMSpendMonitor;
			productReference = A00000000000000000000210 /* Spender.app */;
			productType = "com.apple.product-type.application";
		};
		A00000000000000000000502 /* LLMSpendMonitorTests */ = {
			isa = PBXNativeTarget;
			buildConfigurationList = A00000000000000000000803 /* Build configuration list for PBXNativeTarget "LLMSpendMonitorTests" */;
			buildPhases = (A00000000000000000000612 /* Sources */, A00000000000000000000602 /* Frameworks */, A00000000000000000000622 /* Resources */);
			buildRules = ();
			dependencies = (A00000000000000000000311 /* PBXTargetDependency */);
			name = LLMSpendMonitorTests;
			productName = LLMSpendMonitorTests;
			productReference = A00000000000000000000211 /* LLMSpendMonitorTests.xctest */;
			productType = "com.apple.product-type.bundle.unit-test";
		};
		A00000000000000000000503 /* LLMSpendMonitorUITests */ = {
			isa = PBXNativeTarget;
			buildConfigurationList = A00000000000000000000804 /* Build configuration list for PBXNativeTarget "LLMSpendMonitorUITests" */;
			buildPhases = (A00000000000000000000613 /* Sources */, A00000000000000000000603 /* Frameworks */, A00000000000000000000623 /* Resources */);
			buildRules = ();
			dependencies = (A00000000000000000000312 /* PBXTargetDependency */);
			name = LLMSpendMonitorUITests;
			productName = LLMSpendMonitorUITests;
			productReference = A00000000000000000000212 /* LLMSpendMonitorUITests.xctest */;
			productType = "com.apple.product-type.bundle.ui-testing";
		};
		A0000000000000000000A010 /* SpenderAppStore */ = {
			isa = PBXNativeTarget;
			buildConfigurationList = A0000000000000000000A011 /* Build configuration list for PBXNativeTarget "SpenderAppStore" */;
			buildPhases = (A0000000000000000000A014 /* Sources */, A0000000000000000000A015 /* Frameworks */, A0000000000000000000A016 /* Resources */);
			buildRules = ();
			dependencies = ();
			name = SpenderAppStore;
			productName = SpenderAppStore;
			productReference = A0000000000000000000A017 /* Spender.app */;
			productType = "com.apple.product-type.application";
		};
/* End PBXNativeTarget section */

/* Begin PBXProject section */
		A00000000000000000000401 /* Project object */ = {
			isa = PBXProject;
			attributes = {
				BuildIndependentTargetsInParallel = 1;
				LastSwiftUpdateCheck = 2660;
				LastUpgradeCheck = 2660;
				TargetAttributes = {
					A00000000000000000000501 = {CreatedOnToolsVersion = 26.6;};
					A00000000000000000000502 = {CreatedOnToolsVersion = 26.6; TestTargetID = A00000000000000000000501;};
					A00000000000000000000503 = {CreatedOnToolsVersion = 26.6; TestTargetID = A00000000000000000000501;};
					A0000000000000000000A010 = {CreatedOnToolsVersion = 26.6;};
				};
			};
			buildConfigurationList = A00000000000000000000801 /* Build configuration list for PBXProject "LLMSpendMonitor" */;
			compatibilityVersion = "Xcode 16.0";
			developmentRegion = en;
			hasScannedForEncodings = 0;
			knownRegions = (en, Base);
			mainGroup = A00000000000000000000701;
			packageReferences = (A0000000000000000000A001 /* XCRemoteSwiftPackageReference "Sparkle" */);
			productRefGroup = A00000000000000000000709 /* Products */;
			projectDirPath = "";
			projectRoot = "";
			targets = (A00000000000000000000501 /* LLMSpendMonitor */, A00000000000000000000502 /* LLMSpendMonitorTests */, A00000000000000000000503 /* LLMSpendMonitorUITests */, A0000000000000000000A010 /* SpenderAppStore */);
		};
/* End PBXProject section */

/* Begin PBXResourcesBuildPhase section */
		A00000000000000000000621 /* Resources */ = {isa = PBXResourcesBuildPhase; buildActionMask = 2147483647; files = (A00000000000000000000140 /* Spender.icns in Resources */, A00000000000000000000191 /* ProviderMarks.xcassets in Resources */); runOnlyForDeploymentPostprocessing = 0; };
		A00000000000000000000622 /* Resources */ = {isa = PBXResourcesBuildPhase; buildActionMask = 2147483647; files = (); runOnlyForDeploymentPostprocessing = 0; };
		A00000000000000000000623 /* Resources */ = {isa = PBXResourcesBuildPhase; buildActionMask = 2147483647; files = (); runOnlyForDeploymentPostprocessing = 0; };
		A0000000000000000000A016 /* Resources */ = {isa = PBXResourcesBuildPhase; buildActionMask = 2147483647; files = (A0000000000000000000A132, A0000000000000000000A133); runOnlyForDeploymentPostprocessing = 0; };
/* End PBXResourcesBuildPhase section */

/* Begin PBXSourcesBuildPhase section */
		A00000000000000000000611 /* Sources */ = {isa = PBXSourcesBuildPhase; buildActionMask = 2147483647; files = (A00000000000000000000101, A00000000000000000000102, A00000000000000000000103, A00000000000000000000104, A00000000000000000000105, A0000000000000000000010E, A0000000000000000000010F, A00000000000000000000110, A00000000000000000000111, A00000000000000000000112, A00000000000000000000113, A00000000000000000000114, A00000000000000000000115, A00000000000000000000116, A00000000000000000000118, A00000000000000000000119, A0000000000000000000011B, A0000000000000000000011C, A0000000000000000000011D, A0000000000000000000011F, A00000000000000000000194, A00000000000000000000192, A00000000000000000000190, A00000000000000000000121, A00000000000000000000122, A00000000000000000000124, A00000000000000000000125, A00000000000000000000126, A00000000000000000000128, A0000000000000000000012A, A0000000000000000000012C, A0000000000000000000012E, A00000000000000000000130, A00000000000000000000132, A00000000000000000000133, A00000000000000000000134, A00000000000000000000135, A00000000000000000000136, A00000000000000000000138, A00000000000000000000139, A0000000000000000000013A, A0000000000000000000013C, A0000000000000000000013D, A0000000000000000000013E, A00000000000000000000141, A00000000000000000000142, A00000000000000000000146, A00000000000000000000147, A00000000000000000000149, A0000000000000000000014B, A0000000000000000000A021); runOnlyForDeploymentPostprocessing = 0; };
		A00000000000000000000612 /* Sources */ = {isa = PBXSourcesBuildPhase; buildActionMask = 2147483647; files = (A00000000000000000000106, A00000000000000000000108, A00000000000000000000109, A0000000000000000000010A, A0000000000000000000010B, A0000000000000000000010C, A00000000000000000000117, A0000000000000000000011A, A0000000000000000000011E, A00000000000000000000120, A00000000000000000000123, A00000000000000000000127, A00000000000000000000129, A0000000000000000000012B, A0000000000000000000012D, A0000000000000000000012F, A00000000000000000000131, A0000000000000000000013B, A0000000000000000000013F, A00000000000000000000143, A00000000000000000000144, A00000000000000000000145, A00000000000000000000148, A0000000000000000000014A); runOnlyForDeploymentPostprocessing = 0; };
		A00000000000000000000613 /* Sources */ = {isa = PBXSourcesBuildPhase; buildActionMask = 2147483647; files = (A00000000000000000000107, A0000000000000000000010D); runOnlyForDeploymentPostprocessing = 0; };
		A0000000000000000000A014 /* Sources */ = {isa = PBXSourcesBuildPhase; buildActionMask = 2147483647; files = (A0000000000000000000A100, A0000000000000000000A101, A0000000000000000000A102, A0000000000000000000A103, A0000000000000000000A104, A0000000000000000000A105, A0000000000000000000A106, A0000000000000000000A107, A0000000000000000000A108, A0000000000000000000A109, A0000000000000000000A10A, A0000000000000000000A10B, A0000000000000000000A10C, A0000000000000000000A10D, A0000000000000000000A10E, A0000000000000000000A10F, A0000000000000000000A110, A0000000000000000000A111, A0000000000000000000A112, A0000000000000000000A113, A0000000000000000000A114, A0000000000000000000A115, A0000000000000000000A116, A0000000000000000000A117, A0000000000000000000A118, A0000000000000000000A119, A0000000000000000000A11A, A0000000000000000000A11B, A0000000000000000000A11C, A0000000000000000000A11D, A0000000000000000000A11E, A0000000000000000000A11F, A0000000000000000000A120, A0000000000000000000A121, A0000000000000000000A122, A0000000000000000000A123, A0000000000000000000A124, A0000000000000000000A125, A0000000000000000000A126, A0000000000000000000A127, A0000000000000000000A128, A0000000000000000000A129, A0000000000000000000A12A, A0000000000000000000A12B, A0000000000000000000A12C, A0000000000000000000A12D, A0000000000000000000A12E, A0000000000000000000A12F, A0000000000000000000A130, A0000000000000000000A131, A0000000000000000000A022); runOnlyForDeploymentPostprocessing = 0; };
/* End PBXSourcesBuildPhase section */

/* Begin PBXTargetDependency section */
		A00000000000000000000311 /* PBXTargetDependency */ = {isa = PBXTargetDependency; target = A00000000000000000000501 /* LLMSpendMonitor */; targetProxy = A00000000000000000000301 /* PBXContainerItemProxy */; };
		A00000000000000000000312 /* PBXTargetDependency */ = {isa = PBXTargetDependency; target = A00000000000000000000501 /* LLMSpendMonitor */; targetProxy = A00000000000000000000302 /* PBXContainerItemProxy */; };
/* End PBXTargetDependency section */

/* Begin XCBuildConfiguration section */
		A00000000000000000000901 /* Debug */ = {isa = XCBuildConfiguration; buildSettings = {CLANG_ENABLE_MODULES = YES; MACOSX_DEPLOYMENT_TARGET = 14.0; SDKROOT = macosx; SWIFT_STRICT_CONCURRENCY = complete;}; name = Debug; };
		A00000000000000000000902 /* Release */ = {isa = XCBuildConfiguration; buildSettings = {CLANG_ENABLE_MODULES = YES; MACOSX_DEPLOYMENT_TARGET = 14.0; SDKROOT = macosx; SWIFT_COMPILATION_MODE = wholemodule; SWIFT_STRICT_CONCURRENCY = complete;}; name = Release; };
		A00000000000000000000903 /* Debug */ = {isa = XCBuildConfiguration; buildSettings = {CODE_SIGN_ENTITLEMENTS = LLMSpendMonitor/LLMSpendMonitor.entitlements; "CODE_SIGN_IDENTITY[sdk=macosx*]" = "Apple Development"; CODE_SIGN_STYLE = Automatic; CURRENT_PROJECT_VERSION = 3; DEVELOPMENT_TEAM = NZRRXJA2HB; ENABLE_HARDENED_RUNTIME = YES; ENABLE_TESTABILITY = YES; GENERATE_INFOPLIST_FILE = NO; INFOPLIST_FILE = LLMSpendMonitor/Info.plist; LD_RUNPATH_SEARCH_PATHS = "$(inherited) @executable_path/../Frameworks"; MARKETING_VERSION = 0.2.0; PRODUCT_BUNDLE_IDENTIFIER = com.bestmark1.Spender; PRODUCT_MODULE_NAME = LLMSpendMonitor; PRODUCT_NAME = Spender; SWIFT_ACTIVE_COMPILATION_CONDITIONS = DEBUG; SWIFT_EMIT_LOC_STRINGS = YES; SWIFT_OPTIMIZATION_LEVEL = "-Onone"; SWIFT_VERSION = 6.0;}; name = Debug; };
		A00000000000000000000904 /* Release */ = {isa = XCBuildConfiguration; buildSettings = {CODE_SIGN_ENTITLEMENTS = LLMSpendMonitor/LLMSpendMonitor.entitlements; "CODE_SIGN_IDENTITY[sdk=macosx*]" = "Apple Development"; CODE_SIGN_STYLE = Automatic; CURRENT_PROJECT_VERSION = 3; DEVELOPMENT_TEAM = NZRRXJA2HB; ENABLE_HARDENED_RUNTIME = YES; GENERATE_INFOPLIST_FILE = NO; INFOPLIST_FILE = LLMSpendMonitor/Info.plist; LD_RUNPATH_SEARCH_PATHS = "$(inherited) @executable_path/../Frameworks"; MARKETING_VERSION = 0.2.0; PRODUCT_BUNDLE_IDENTIFIER = com.bestmark1.Spender; PRODUCT_MODULE_NAME = LLMSpendMonitor; PRODUCT_NAME = Spender; SWIFT_EMIT_LOC_STRINGS = YES; SWIFT_VERSION = 6.0;}; name = Release; };
		A00000000000000000000905 /* Debug */ = {isa = XCBuildConfiguration; buildSettings = {BUNDLE_LOADER = "$(TEST_HOST)"; CODE_SIGN_STYLE = Automatic; GENERATE_INFOPLIST_FILE = YES; LD_RUNPATH_SEARCH_PATHS = "$(inherited) @executable_path/../Frameworks @loader_path/../Frameworks"; PRODUCT_BUNDLE_IDENTIFIER = com.bestmark1.SpenderTests; PRODUCT_NAME = "$(TARGET_NAME)"; SWIFT_VERSION = 6.0; TEST_HOST = "$(BUILT_PRODUCTS_DIR)/Spender.app/Contents/MacOS/Spender";}; name = Debug; };
		A00000000000000000000906 /* Release */ = {isa = XCBuildConfiguration; buildSettings = {BUNDLE_LOADER = "$(TEST_HOST)"; CODE_SIGN_STYLE = Automatic; GENERATE_INFOPLIST_FILE = YES; LD_RUNPATH_SEARCH_PATHS = "$(inherited) @executable_path/../Frameworks @loader_path/../Frameworks"; PRODUCT_BUNDLE_IDENTIFIER = com.bestmark1.SpenderTests; PRODUCT_NAME = "$(TARGET_NAME)"; SWIFT_VERSION = 6.0; TEST_HOST = "$(BUILT_PRODUCTS_DIR)/Spender.app/Contents/MacOS/Spender";}; name = Release; };
		A00000000000000000000907 /* Debug */ = {isa = XCBuildConfiguration; buildSettings = {CODE_SIGN_STYLE = Automatic; GENERATE_INFOPLIST_FILE = YES; LD_RUNPATH_SEARCH_PATHS = "$(inherited) @executable_path/../Frameworks @loader_path/../Frameworks"; PRODUCT_BUNDLE_IDENTIFIER = com.bestmark1.SpenderUITests; PRODUCT_NAME = "$(TARGET_NAME)"; SWIFT_VERSION = 6.0; TEST_TARGET_NAME = LLMSpendMonitor;}; name = Debug; };
		A00000000000000000000908 /* Release */ = {isa = XCBuildConfiguration; buildSettings = {CODE_SIGN_STYLE = Automatic; GENERATE_INFOPLIST_FILE = YES; LD_RUNPATH_SEARCH_PATHS = "$(inherited) @executable_path/../Frameworks @loader_path/../Frameworks"; PRODUCT_BUNDLE_IDENTIFIER = com.bestmark1.SpenderUITests; PRODUCT_NAME = "$(TARGET_NAME)"; SWIFT_VERSION = 6.0; TEST_TARGET_NAME = LLMSpendMonitor;}; name = Release; };
		A0000000000000000000A012 /* Debug */ = {isa = XCBuildConfiguration; buildSettings = {CODE_SIGN_ENTITLEMENTS = LLMSpendMonitor/LLMSpendMonitor-AppStore.entitlements; "CODE_SIGN_IDENTITY[sdk=macosx*]" = "Apple Development"; CODE_SIGN_STYLE = Automatic; CURRENT_PROJECT_VERSION = 3; DEVELOPMENT_TEAM = NZRRXJA2HB; ENABLE_HARDENED_RUNTIME = YES; ENABLE_TESTABILITY = YES; GENERATE_INFOPLIST_FILE = NO; INFOPLIST_FILE = LLMSpendMonitor/Info-AppStore.plist; LD_RUNPATH_SEARCH_PATHS = "$(inherited) @executable_path/../Frameworks"; MARKETING_VERSION = 0.2.0; PRODUCT_BUNDLE_IDENTIFIER = com.bestmark1.Spender; PRODUCT_MODULE_NAME = LLMSpendMonitor; PRODUCT_NAME = Spender; SWIFT_ACTIVE_COMPILATION_CONDITIONS = "DEBUG APP_STORE"; SWIFT_EMIT_LOC_STRINGS = YES; SWIFT_OPTIMIZATION_LEVEL = "-Onone"; SWIFT_VERSION = 6.0;}; name = Debug; };
		A0000000000000000000A013 /* Release */ = {isa = XCBuildConfiguration; buildSettings = {CODE_SIGN_ENTITLEMENTS = LLMSpendMonitor/LLMSpendMonitor-AppStore.entitlements; "CODE_SIGN_IDENTITY[sdk=macosx*]" = "Apple Development"; CODE_SIGN_STYLE = Automatic; CURRENT_PROJECT_VERSION = 3; DEVELOPMENT_TEAM = NZRRXJA2HB; ENABLE_HARDENED_RUNTIME = YES; GENERATE_INFOPLIST_FILE = NO; INFOPLIST_FILE = LLMSpendMonitor/Info-AppStore.plist; LD_RUNPATH_SEARCH_PATHS = "$(inherited) @executable_path/../Frameworks"; MARKETING_VERSION = 0.2.0; PRODUCT_BUNDLE_IDENTIFIER = com.bestmark1.Spender; PRODUCT_MODULE_NAME = LLMSpendMonitor; PRODUCT_NAME = Spender; SWIFT_ACTIVE_COMPILATION_CONDITIONS = APP_STORE; SWIFT_EMIT_LOC_STRINGS = YES; SWIFT_VERSION = 6.0;}; name = Release; };
/* End XCBuildConfiguration section */

/* Begin XCConfigurationList section */
		A00000000000000000000801 /* Build configuration list for PBXProject "LLMSpendMonitor" */ = {isa = XCConfigurationList; buildConfigurations = (A00000000000000000000901, A00000000000000000000902); defaultConfigurationIsVisible = 0; defaultConfigurationName = Release; };
		A00000000000000000000802 /* Build configuration list for PBXNativeTarget "LLMSpendMonitor" */ = {isa = XCConfigurationList; buildConfigurations = (A00000000000000000000903, A00000000000000000000904); defaultConfigurationIsVisible = 0; defaultConfigurationName = Release; };
		A00000000000000000000803 /* Build configuration list for PBXNativeTarget "LLMSpendMonitorTests" */ = {isa = XCConfigurationList; buildConfigurations = (A00000000000000000000905, A00000000000000000000906); defaultConfigurationIsVisible = 0; defaultConfigurationName = Release; };
		A00000000000000000000804 /* Build configuration list for PBXNativeTarget "LLMSpendMonitorUITests" */ = {isa = XCConfigurationList; buildConfigurations = (A00000000000000000000907, A00000000000000000000908); defaultConfigurationIsVisible = 0; defaultConfigurationName = Release; };
		A0000000000000000000A011 /* Build configuration list for PBXNativeTarget "SpenderAppStore" */ = {isa = XCConfigurationList; buildConfigurations = (A0000000000000000000A012, A0000000000000000000A013); defaultConfigurationIsVisible = 0; defaultConfigurationName = Release; };
/* End XCConfigurationList section */

/* Begin XCRemoteSwiftPackageReference section */
		A0000000000000000000A001 /* XCRemoteSwiftPackageReference "Sparkle" */ = {
			isa = XCRemoteSwiftPackageReference;
			repositoryURL = "https://github.com/sparkle-project/Sparkle";
			requirement = {
				kind = upToNextMajorVersion;
				minimumVersion = 2.10.0;
			};
		};
/* End XCRemoteSwiftPackageReference section */

/* Begin XCSwiftPackageProductDependency section */
		A0000000000000000000A002 /* Sparkle */ = {
			isa = XCSwiftPackageProductDependency;
			package = A0000000000000000000A001 /* XCRemoteSwiftPackageReference "Sparkle" */;
			productName = Sparkle;
		};
/* End XCSwiftPackageProductDependency section */
	};
	rootObject = A00000000000000000000401 /* Project object */;
}
